
Microsoft Visual Studio Solution File, Format Version 11.00
# Visual Studio 2010
# SharpDevelop 4.0.0.7070
Project("{2150E333-8FDC-42A3-9474-1A3956D46DE8}") = "OctoTipExperiments", "OctoTipExperiments", "{06DDA88F-A759-4032-9555-24A441800A25}"
	ProjectSection(SolutionItems) = postProject
	EndProjectSection
EndProject
Project("{FAE04EC0-301F-11D3-BF4B-00C04F79EFBC}") = "OctoTipExperimentsCore", "OctoTipExperiments\OctoTipExperimentsCore\OctoTipExperimentsCore.csproj", "{4BDBCCF8-7AD0-4F15-8D66-27CF383BC766}"
EndProject
Project("{FAE04EC0-301F-11D3-BF4B-00C04F79EFBC}") = "OctoTipExperimentsProtocols", "OctoTipExperiments\OctoTipExperimentsProtocols\OctoTipExperimentsProtocols.csproj", "{AABD1941-E9B8-4EEF-8C47-0E0E95EA3631}"
EndProject
Project("{FAE04EC0-301F-11D3-BF4B-00C04F79EFBC}") = "OctoTipTest", "OctoTipTest\OctoTipTest.csproj", "{33768EC6-0FA1-474D-BE80-FE0183ED7781}"
EndProject
Project("{FAE04EC0-301F-11D3-BF4B-00C04F79EFBC}") = "OctoTipLib", "OctoTipLib\OctoTipLib.csproj", "{3F447CCC-8530-4E9B-A764-926AD0242173}"
EndProject
Project("{FAE04EC0-301F-11D3-BF4B-00C04F79EFBC}") = "OctoTipManager", "OctoTipManager\OctoTipManager.csproj", "{C5E67D8F-83DF-4C9F-A7A9-5E24CB131530}"
EndProject
Project("{FAE04EC0-301F-11D3-BF4B-00C04F79EFBC}") = "OctoTipExperimentControl", "OctoTipExperimentControl\OctoTipExperimentControl.csproj", "{8D2FBCE2-C42F-4176-AB36-0035560298BF}"
EndProject
Global
	GlobalSection(SolutionConfigurationPlatforms) = preSolution
		Debug|x86 = Debug|x86
		Release|x86 = Release|x86
		Debug|BPC = Debug|BPC
		Release|BPC = Release|BPC
		Debug|Any CPU = Debug|Any CPU
		Release|Any CPU = Release|Any CPU
	EndGlobalSection
	GlobalSection(ProjectConfigurationPlatforms) = postSolution
		{33768EC6-0FA1-474D-BE80-FE0183ED7781}.Debug|x86.Build.0 = Debug|x86
		{33768EC6-0FA1-474D-BE80-FE0183ED7781}.Debug|x86.ActiveCfg = Debug|x86
		{33768EC6-0FA1-474D-BE80-FE0183ED7781}.Release|x86.Build.0 = Release|x86
		{33768EC6-0FA1-474D-BE80-FE0183ED7781}.Release|x86.ActiveCfg = Release|x86
		{3F447CCC-8530-4E9B-A764-926AD0242173}.Debug|x86.Build.0 = Debug|x86
		{3F447CCC-8530-4E9B-A764-926AD0242173}.Debug|x86.ActiveCfg = Debug|x86
		{3F447CCC-8530-4E9B-A764-926AD0242173}.Debug|BPC.Build.0 = Debug|x86
		{3F447CCC-8530-4E9B-A764-926AD0242173}.Debug|BPC.ActiveCfg = Debug|x86
		{3F447CCC-8530-4E9B-A764-926AD0242173}.Release|x86.Build.0 = Release|x86
		{3F447CCC-8530-4E9B-A764-926AD0242173}.Release|x86.ActiveCfg = Release|x86
		{3F447CCC-8530-4E9B-A764-926AD0242173}.Release|BPC.Build.0 = Release|x86
		{3F447CCC-8530-4E9B-A764-926AD0242173}.Release|BPC.ActiveCfg = Release|x86
		{C5E67D8F-83DF-4C9F-A7A9-5E24CB131530}.Debug|x86.Build.0 = Debug|x86
		{C5E67D8F-83DF-4C9F-A7A9-5E24CB131530}.Debug|x86.ActiveCfg = Debug|x86
		{C5E67D8F-83DF-4C9F-A7A9-5E24CB131530}.Debug|BPC.Build.0 = Debug|x86
		{C5E67D8F-83DF-4C9F-A7A9-5E24CB131530}.Debug|BPC.ActiveCfg = Debug|x86
		{C5E67D8F-83DF-4C9F-A7A9-5E24CB131530}.Release|x86.Build.0 = Release|x86
		{C5E67D8F-83DF-4C9F-A7A9-5E24CB131530}.Release|x86.ActiveCfg = Release|x86
		{C5E67D8F-83DF-4C9F-A7A9-5E24CB131530}.Release|BPC.Build.0 = Release|x86
		{C5E67D8F-83DF-4C9F-A7A9-5E24CB131530}.Release|BPC.ActiveCfg = Release|x86
		{8D2FBCE2-C42F-4176-AB36-0035560298BF}.Debug|x86.Build.0 = Debug|x86
		{8D2FBCE2-C42F-4176-AB36-0035560298BF}.Debug|x86.ActiveCfg = Debug|x86
		{8D2FBCE2-C42F-4176-AB36-0035560298BF}.Debug|BPC.Build.0 = Debug|x86
		{8D2FBCE2-C42F-4176-AB36-0035560298BF}.Debug|BPC.ActiveCfg = Debug|x86
		{8D2FBCE2-C42F-4176-AB36-0035560298BF}.Release|x86.Build.0 = Release|x86
		{8D2FBCE2-C42F-4176-AB36-0035560298BF}.Release|x86.ActiveCfg = Release|x86
		{8D2FBCE2-C42F-4176-AB36-0035560298BF}.Release|BPC.Build.0 = Release|x86
		{8D2FBCE2-C42F-4176-AB36-0035560298BF}.Release|BPC.ActiveCfg = Release|x86
		{4BDBCCF8-7AD0-4F15-8D66-27CF383BC766}.Debug|x86.Build.0 = Debug|x86
		{4BDBCCF8-7AD0-4F15-8D66-27CF383BC766}.Debug|x86.ActiveCfg = Debug|x86
		{4BDBCCF8-7AD0-4F15-8D66-27CF383BC766}.Debug|BPC.Build.0 = Debug|x86
		{4BDBCCF8-7AD0-4F15-8D66-27CF383BC766}.Debug|BPC.ActiveCfg = Debug|x86
		{4BDBCCF8-7AD0-4F15-8D66-27CF383BC766}.Debug|Any CPU.Build.0 = Debug|x86
		{4BDBCCF8-7AD0-4F15-8D66-27CF383BC766}.Debug|Any CPU.ActiveCfg = Debug|x86
		{4BDBCCF8-7AD0-4F15-8D66-27CF383BC766}.Release|x86.Build.0 = Release|x86
		{4BDBCCF8-7AD0-4F15-8D66-27CF383BC766}.Release|x86.ActiveCfg = Release|x86
		{4BDBCCF8-7AD0-4F15-8D66-27CF383BC766}.Release|BPC.Build.0 = Release|x86
		{4BDBCCF8-7AD0-4F15-8D66-27CF383BC766}.Release|BPC.ActiveCfg = Release|x86
		{4BDBCCF8-7AD0-4F15-8D66-27CF383BC766}.Release|Any CPU.Build.0 = Release|x86
		{4BDBCCF8-7AD0-4F15-8D66-27CF383BC766}.Release|Any CPU.ActiveCfg = Release|x86
		{AABD1941-E9B8-4EEF-8C47-0E0E95EA3631}.Debug|x86.Build.0 = Debug|x86
		{AABD1941-E9B8-4EEF-8C47-0E0E95EA3631}.Debug|x86.ActiveCfg = Debug|x86
		{AABD1941-E9B8-4EEF-8C47-0E0E95EA3631}.Debug|BPC.Build.0 = Debug|x86
		{AABD1941-E9B8-4EEF-8C47-0E0E95EA3631}.Debug|BPC.ActiveCfg = Debug|x86
		{AABD1941-E9B8-4EEF-8C47-0E0E95EA3631}.Debug|Any CPU.Build.0 = Debug|x86
		{AABD1941-E9B8-4EEF-8C47-0E0E95EA3631}.Debug|Any CPU.ActiveCfg = Debug|x86
		{AABD1941-E9B8-4EEF-8C47-0E0E95EA3631}.Release|x86.Build.0 = Release|x86
		{AABD1941-E9B8-4EEF-8C47-0E0E95EA3631}.Release|x86.ActiveCfg = Release|x86
		{AABD1941-E9B8-4EEF-8C47-0E0E95EA3631}.Release|BPC.Build.0 = Release|x86
		{AABD1941-E9B8-4EEF-8C47-0E0E95EA3631}.Release|BPC.ActiveCfg = Release|x86
		{AABD1941-E9B8-4EEF-8C47-0E0E95EA3631}.Release|Any CPU.Build.0 = Release|x86
		{AABD1941-E9B8-4EEF-8C47-0E0E95EA3631}.Release|Any CPU.ActiveCfg = Release|x86
	EndGlobalSection
	GlobalSection(NestedProjects) = preSolution
		{AABD1941-E9B8-4EEF-8C47-0E0E95EA3631} = {06DDA88F-A759-4032-9555-24A441800A25}
		{4BDBCCF8-7AD0-4F15-8D66-27CF383BC766} = {06DDA88F-A759-4032-9555-24A441800A25}
	EndGlobalSection
EndGlobal
