
Microsoft Visual Studio Solution File, Format Version 9.00
# Visual Studio 2005
# SharpDevelop 4.0.0.7070
Project("{FAE14EC0-301F-11D3-BF4B-00C04F79EFBC}") = "GrowKillCurvePlaiting", "GrowKillCurvePlaiting\GrowKillCurvePlaiting.csproj", "{B8F640A6-356F-49C3-887B-048B05E8864F}"
EndProject
Global
	GlobalSection(SolutionConfigurationPlatforms) = preSolution
		Debug|x86 = Debug|x86
		Release|x86 = Release|x86
		Debug|Any CPU = Debug|Any CPU
		Release|Any CPU = Release|Any CPU
	EndGlobalSection
	GlobalSection(ProjectConfigurationPlatforms) = postSolution
		{B8F640A6-356F-49C3-887B-048B05E8864F}.Debug|x86.Build.0 = Debug|x86
		{B8F640A6-356F-49C3-887B-048B05E8864F}.Debug|x86.ActiveCfg = Debug|x86
		{B8F640A6-356F-49C3-887B-048B05E8864F}.Release|x86.Build.0 = Release|x86
		{B8F640A6-356F-49C3-887B-048B05E8864F}.Release|x86.ActiveCfg = Release|x86
		{B8F640A6-356F-49C3-887B-048B05E8864F}.Debug|Any CPU.Build.0 = Debug|Any CPU
		{B8F640A6-356F-49C3-887B-048B05E8864F}.Debug|Any CPU.ActiveCfg = Debug|Any CPU
		{B8F640A6-356F-49C3-887B-048B05E8864F}.Release|Any CPU.Build.0 = Release|Any CPU
		{B8F640A6-356F-49C3-887B-048B05E8864F}.Release|Any CPU.ActiveCfg = Release|Any CPU
	EndGlobalSection
EndGlobal
